
Microsoft Visual Studio Solution File, Format Version 12.00
# Visual Studio Version 16
VisualStudioVersion = 16.0.31613.86
MinimumVisualStudioVersion = 10.0.40219.1
Project("{FAE04EC0-301F-11D3-BF4B-00C04F79EFBC}") = "Win_Minegocio", "Win_Minegocio\Win_Minegocio.csproj", "{38DC4447-BEDB-4F42-AD4B-B23BE71C263B}"
EndProject
Global
	GlobalSection(SolutionConfigurationPlatforms) = preSolution
		Debug|Any CPU = Debug|Any CPU
		Release|Any CPU = Release|Any CPU
	EndGlobalSection
	GlobalSection(ProjectConfigurationPlatforms) = postSolution
		{38DC4447-BEDB-4F42-AD4B-B23BE71C263B}.Debug|Any CPU.ActiveCfg = Debug|Any CPU
		{38DC4447-BEDB-4F42-AD4B-B23BE71C263B}.Debug|Any CPU.Build.0 = Debug|Any CPU
		{38DC4447-BEDB-4F42-AD4B-B23BE71C263B}.Release|Any CPU.ActiveCfg = Release|Any CPU
		{38DC4447-BEDB-4F42-AD4B-B23BE71C263B}.Release|Any CPU.Build.0 = Release|Any CPU
	EndGlobalSection
	GlobalSection(SolutionProperties) = preSolution
		HideSolutionNode = FALSE
	EndGlobalSection
	GlobalSection(ExtensibilityGlobals) = postSolution
		SolutionGuid = {857B7F7A-875A-4641-AD3A-B729A5EE5F2A}
	EndGlobalSection
EndGlobal
